
Microsoft Visual Studio Solution File, Format Version 12.00
# Visual Studio Version 17
VisualStudioVersion = 17.4.33213.308
MinimumVisualStudioVersion = 10.0.40219.1
Project("{FAE04EC0-301F-11D3-BF4B-00C04F79EFBC}") = "SealedMethod", "SealedMethod\SealedMethod.csproj", "{4F8F2BC7-AC2D-4984-B9C0-4C8C2A28289A}"
EndProject
Project("{FAE04EC0-301F-11D3-BF4B-00C04F79EFBC}") = "MethodOR", "MethodOR\MethodOR.csproj", "{65BB249C-52CB-4C20-9706-33F385DEA4D8}"
EndProject
Global
	GlobalSection(SolutionConfigurationPlatforms) = preSolution
		Debug|Any CPU = Debug|Any CPU
		Release|Any CPU = Release|Any CPU
	EndGlobalSection
	GlobalSection(ProjectConfigurationPlatforms) = postSolution
		{4F8F2BC7-AC2D-4984-B9C0-4C8C2A28289A}.Debug|Any CPU.ActiveCfg = Debug|Any CPU
		{4F8F2BC7-AC2D-4984-B9C0-4C8C2A28289A}.Debug|Any CPU.Build.0 = Debug|Any CPU
		{4F8F2BC7-AC2D-4984-B9C0-4C8C2A28289A}.Release|Any CPU.ActiveCfg = Release|Any CPU
		{4F8F2BC7-AC2D-4984-B9C0-4C8C2A28289A}.Release|Any CPU.Build.0 = Release|Any CPU
		{65BB249C-52CB-4C20-9706-33F385DEA4D8}.Debug|Any CPU.ActiveCfg = Debug|Any CPU
		{65BB249C-52CB-4C20-9706-33F385DEA4D8}.Debug|Any CPU.Build.0 = Debug|Any CPU
		{65BB249C-52CB-4C20-9706-33F385DEA4D8}.Release|Any CPU.ActiveCfg = Release|Any CPU
		{65BB249C-52CB-4C20-9706-33F385DEA4D8}.Release|Any CPU.Build.0 = Release|Any CPU
	EndGlobalSection
	GlobalSection(SolutionProperties) = preSolution
		HideSolutionNode = FALSE
	EndGlobalSection
	GlobalSection(ExtensibilityGlobals) = postSolution
		SolutionGuid = {3A86F57E-05D7-428E-915E-F0890F32B596}
	EndGlobalSection
EndGlobal
