
Microsoft Visual Studio Solution File, Format Version 12.00
# Visual Studio Version 17
VisualStudioVersion = 17.6.33717.318
MinimumVisualStudioVersion = 10.0.40219.1
Project("{FAE04EC0-301F-11D3-BF4B-00C04F79EFBC}") = "ArrayVsListVsArrayList", "ArrayVsListVsArrayList\ArrayVsListVsArrayList.csproj", "{E1830A7B-27EC-4DD9-BAF2-3AF7F00FC642}"
EndProject
Global
	GlobalSection(SolutionConfigurationPlatforms) = preSolution
		Debug|Any CPU = Debug|Any CPU
		Release|Any CPU = Release|Any CPU
	EndGlobalSection
	GlobalSection(ProjectConfigurationPlatforms) = postSolution
		{E1830A7B-27EC-4DD9-BAF2-3AF7F00FC642}.Debug|Any CPU.ActiveCfg = Debug|Any CPU
		{E1830A7B-27EC-4DD9-BAF2-3AF7F00FC642}.Debug|Any CPU.Build.0 = Debug|Any CPU
		{E1830A7B-27EC-4DD9-BAF2-3AF7F00FC642}.Release|Any CPU.ActiveCfg = Release|Any CPU
		{E1830A7B-27EC-4DD9-BAF2-3AF7F00FC642}.Release|Any CPU.Build.0 = Release|Any CPU
	EndGlobalSection
	GlobalSection(SolutionProperties) = preSolution
		HideSolutionNode = FALSE
	EndGlobalSection
	GlobalSection(ExtensibilityGlobals) = postSolution
		SolutionGuid = {BD717F4D-EE3D-477C-8177-29E932470621}
	EndGlobalSection
EndGlobal
