
Microsoft Visual Studio Solution File, Format Version 12.00
# Visual Studio Version 17
VisualStudioVersion = 17.5.33627.172
MinimumVisualStudioVersion = 10.0.40219.1
Project("{2150E333-8FDC-42A3-9474-1A3956D46DE8}") = "Repository", "Repository", "{7D83B093-7695-4E7D-BDB0-DBA26C61311E}"
EndProject
Project("{9A19103F-16F7-4668-BE54-9A1E7A4F7556}") = "OBS.Data.Models", "Repository\OBS.Data.Models\OBS.Data.Models.csproj", "{A520DE2D-9985-4185-83B2-B73479B8E5CE}"
EndProject
Project("{2150E333-8FDC-42A3-9474-1A3956D46DE8}") = "Solution Items", "Solution Items", "{92317BA2-859A-44B4-BD9D-698C323E034E}"
	ProjectSection(SolutionItems) = preProject
		.editorconfig = .editorconfig
	EndProjectSection
EndProject
Project("{9A19103F-16F7-4668-BE54-9A1E7A4F7556}") = "Test", "Test\Test.csproj", "{664A2881-DF59-4E63-BFF8-94F686EE865D}"
EndProject
Project("{9A19103F-16F7-4668-BE54-9A1E7A4F7556}") = "OBS.Data", "Repository\OBS.Data\OBS.Data.csproj", "{62C9E98F-7D70-4374-8B07-72061D2472A3}"
EndProject
Project("{9A19103F-16F7-4668-BE54-9A1E7A4F7556}") = "OBS.Data.Interfaces", "Repository\OBS.Data.Interfaces\OBS.Data.Interfaces.csproj", "{374E794C-A05B-4295-90C6-E78301EB216D}"
EndProject
Project("{9A19103F-16F7-4668-BE54-9A1E7A4F7556}") = "OBS.Data.Services", "Repository\OBS.Data.Services\OBS.Data.Services.csproj", "{A83EF0CC-3184-4AB8-8AA9-6A53DE6B285E}"
EndProject
Project("{2150E333-8FDC-42A3-9474-1A3956D46DE8}") = "Presentation", "Presentation", "{4F23E067-3C83-4100-8561-D3222365047E}"
EndProject
Project("{9A19103F-16F7-4668-BE54-9A1E7A4F7556}") = "OBS.WebAPI", "Presentation\OBS.WebAPI\OBS.WebAPI.csproj", "{03AC6346-2364-47A4-8A1E-14A0489303C0}"
EndProject
Project("{2150E333-8FDC-42A3-9474-1A3956D46DE8}") = "Infrastructure", "Infrastructure", "{0B799FB4-82C7-4BC0-89AC-A5312CB1B482}"
EndProject
Project("{9A19103F-16F7-4668-BE54-9A1E7A4F7556}") = "OBS.DependencyInjection", "Infrastructure\OBS.DependencyInjection\OBS.DependencyInjection.csproj", "{ADB23461-4C46-43CD-8206-12745A142206}"
EndProject
Project("{2150E333-8FDC-42A3-9474-1A3956D46DE8}") = "Business", "Business", "{6761A08F-B953-4708-898D-1F26796F9744}"
EndProject
Project("{FAE04EC0-301F-11D3-BF4B-00C04F79EFBC}") = "OBS.Business.Models", "Business\OBS.Business.Models\OBS.Business.Models.csproj", "{E6DF2B7D-10EB-42E3-88A2-04075977D912}"
EndProject
Project("{FAE04EC0-301F-11D3-BF4B-00C04F79EFBC}") = "OBS.Business.Interfaces", "Business\OBS.Business.Interfaces\OBS.Business.Interfaces.csproj", "{96BF0A66-E65E-4D77-9BC5-3B30800A2562}"
EndProject
Project("{FAE04EC0-301F-11D3-BF4B-00C04F79EFBC}") = "OBS.Business.Services", "Business\OBS.Business.Services\OBS.Business.Services.csproj", "{2C230025-5899-4C00-BDAB-F10E34B00D1D}"
EndProject
Global
	GlobalSection(SolutionConfigurationPlatforms) = preSolution
		Debug|Any CPU = Debug|Any CPU
		Release|Any CPU = Release|Any CPU
	EndGlobalSection
	GlobalSection(ProjectConfigurationPlatforms) = postSolution
		{A520DE2D-9985-4185-83B2-B73479B8E5CE}.Debug|Any CPU.ActiveCfg = Debug|Any CPU
		{A520DE2D-9985-4185-83B2-B73479B8E5CE}.Debug|Any CPU.Build.0 = Debug|Any CPU
		{A520DE2D-9985-4185-83B2-B73479B8E5CE}.Release|Any CPU.ActiveCfg = Release|Any CPU
		{A520DE2D-9985-4185-83B2-B73479B8E5CE}.Release|Any CPU.Build.0 = Release|Any CPU
		{664A2881-DF59-4E63-BFF8-94F686EE865D}.Debug|Any CPU.ActiveCfg = Debug|Any CPU
		{664A2881-DF59-4E63-BFF8-94F686EE865D}.Debug|Any CPU.Build.0 = Debug|Any CPU
		{664A2881-DF59-4E63-BFF8-94F686EE865D}.Release|Any CPU.ActiveCfg = Release|Any CPU
		{664A2881-DF59-4E63-BFF8-94F686EE865D}.Release|Any CPU.Build.0 = Release|Any CPU
		{62C9E98F-7D70-4374-8B07-72061D2472A3}.Debug|Any CPU.ActiveCfg = Debug|Any CPU
		{62C9E98F-7D70-4374-8B07-72061D2472A3}.Debug|Any CPU.Build.0 = Debug|Any CPU
		{62C9E98F-7D70-4374-8B07-72061D2472A3}.Release|Any CPU.ActiveCfg = Release|Any CPU
		{62C9E98F-7D70-4374-8B07-72061D2472A3}.Release|Any CPU.Build.0 = Release|Any CPU
		{374E794C-A05B-4295-90C6-E78301EB216D}.Debug|Any CPU.ActiveCfg = Debug|Any CPU
		{374E794C-A05B-4295-90C6-E78301EB216D}.Debug|Any CPU.Build.0 = Debug|Any CPU
		{374E794C-A05B-4295-90C6-E78301EB216D}.Release|Any CPU.ActiveCfg = Release|Any CPU
		{374E794C-A05B-4295-90C6-E78301EB216D}.Release|Any CPU.Build.0 = Release|Any CPU
		{A83EF0CC-3184-4AB8-8AA9-6A53DE6B285E}.Debug|Any CPU.ActiveCfg = Debug|Any CPU
		{A83EF0CC-3184-4AB8-8AA9-6A53DE6B285E}.Debug|Any CPU.Build.0 = Debug|Any CPU
		{A83EF0CC-3184-4AB8-8AA9-6A53DE6B285E}.Release|Any CPU.ActiveCfg = Release|Any CPU
		{A83EF0CC-3184-4AB8-8AA9-6A53DE6B285E}.Release|Any CPU.Build.0 = Release|Any CPU
		{03AC6346-2364-47A4-8A1E-14A0489303C0}.Debug|Any CPU.ActiveCfg = Debug|Any CPU
		{03AC6346-2364-47A4-8A1E-14A0489303C0}.Debug|Any CPU.Build.0 = Debug|Any CPU
		{03AC6346-2364-47A4-8A1E-14A0489303C0}.Release|Any CPU.ActiveCfg = Release|Any CPU
		{03AC6346-2364-47A4-8A1E-14A0489303C0}.Release|Any CPU.Build.0 = Release|Any CPU
		{ADB23461-4C46-43CD-8206-12745A142206}.Debug|Any CPU.ActiveCfg = Debug|Any CPU
		{ADB23461-4C46-43CD-8206-12745A142206}.Debug|Any CPU.Build.0 = Debug|Any CPU
		{ADB23461-4C46-43CD-8206-12745A142206}.Release|Any CPU.ActiveCfg = Release|Any CPU
		{ADB23461-4C46-43CD-8206-12745A142206}.Release|Any CPU.Build.0 = Release|Any CPU
		{E6DF2B7D-10EB-42E3-88A2-04075977D912}.Debug|Any CPU.ActiveCfg = Debug|Any CPU
		{E6DF2B7D-10EB-42E3-88A2-04075977D912}.Debug|Any CPU.Build.0 = Debug|Any CPU
		{E6DF2B7D-10EB-42E3-88A2-04075977D912}.Release|Any CPU.ActiveCfg = Release|Any CPU
		{E6DF2B7D-10EB-42E3-88A2-04075977D912}.Release|Any CPU.Build.0 = Release|Any CPU
		{96BF0A66-E65E-4D77-9BC5-3B30800A2562}.Debug|Any CPU.ActiveCfg = Debug|Any CPU
		{96BF0A66-E65E-4D77-9BC5-3B30800A2562}.Debug|Any CPU.Build.0 = Debug|Any CPU
		{96BF0A66-E65E-4D77-9BC5-3B30800A2562}.Release|Any CPU.ActiveCfg = Release|Any CPU
		{96BF0A66-E65E-4D77-9BC5-3B30800A2562}.Release|Any CPU.Build.0 = Release|Any CPU
		{2C230025-5899-4C00-BDAB-F10E34B00D1D}.Debug|Any CPU.ActiveCfg = Debug|Any CPU
		{2C230025-5899-4C00-BDAB-F10E34B00D1D}.Debug|Any CPU.Build.0 = Debug|Any CPU
		{2C230025-5899-4C00-BDAB-F10E34B00D1D}.Release|Any CPU.ActiveCfg = Release|Any CPU
		{2C230025-5899-4C00-BDAB-F10E34B00D1D}.Release|Any CPU.Build.0 = Release|Any CPU
	EndGlobalSection
	GlobalSection(SolutionProperties) = preSolution
		HideSolutionNode = FALSE
	EndGlobalSection
	GlobalSection(NestedProjects) = preSolution
		{A520DE2D-9985-4185-83B2-B73479B8E5CE} = {7D83B093-7695-4E7D-BDB0-DBA26C61311E}
		{62C9E98F-7D70-4374-8B07-72061D2472A3} = {7D83B093-7695-4E7D-BDB0-DBA26C61311E}
		{374E794C-A05B-4295-90C6-E78301EB216D} = {7D83B093-7695-4E7D-BDB0-DBA26C61311E}
		{A83EF0CC-3184-4AB8-8AA9-6A53DE6B285E} = {7D83B093-7695-4E7D-BDB0-DBA26C61311E}
		{03AC6346-2364-47A4-8A1E-14A0489303C0} = {4F23E067-3C83-4100-8561-D3222365047E}
		{ADB23461-4C46-43CD-8206-12745A142206} = {0B799FB4-82C7-4BC0-89AC-A5312CB1B482}
		{E6DF2B7D-10EB-42E3-88A2-04075977D912} = {6761A08F-B953-4708-898D-1F26796F9744}
		{96BF0A66-E65E-4D77-9BC5-3B30800A2562} = {6761A08F-B953-4708-898D-1F26796F9744}
		{2C230025-5899-4C00-BDAB-F10E34B00D1D} = {6761A08F-B953-4708-898D-1F26796F9744}
	EndGlobalSection
	GlobalSection(ExtensibilityGlobals) = postSolution
		SolutionGuid = {EA47DA99-F10D-4AE0-85B1-0C515A6066F4}
	EndGlobalSection
EndGlobal
