
Microsoft Visual Studio Solution File, Format Version 12.00
# Visual Studio Version 17
VisualStudioVersion = 17.7.34009.444
MinimumVisualStudioVersion = 10.0.40219.1
Project("{9A19103F-16F7-4668-BE54-9A1E7A4F7556}") = "Payment.Data", "Repository\Payment.Data\Payment.Data.csproj", "{56E82A3F-4A49-412F-89A2-30C529D31FEB}"
EndProject
Project("{9A19103F-16F7-4668-BE54-9A1E7A4F7556}") = "Payment.Data.Models", "Repository\Payment.Data.Models\Payment.Data.Models.csproj", "{0EB3E842-F9F1-4509-85D3-49A412BCF593}"
EndProject
Project("{2150E333-8FDC-42A3-9474-1A3956D46DE8}") = "Repository", "Repository", "{F525A439-3BF7-4D94-9B65-41957C838497}"
EndProject
Project("{2150E333-8FDC-42A3-9474-1A3956D46DE8}") = "Presentation", "Presentation", "{44E0D25C-143F-491A-85CA-E55CD1A421E0}"
EndProject
Project("{9A19103F-16F7-4668-BE54-9A1E7A4F7556}") = "Payment.WebAPI", "Presentation\Payment.WebAPI\Payment.WebAPI.csproj", "{6D00C095-2E0E-4C42-B392-B21E8964356B}"
EndProject
Project("{FAE04EC0-301F-11D3-BF4B-00C04F79EFBC}") = "Payment.Data.Interfaces", "Repository\Payment.Data.Interfaces\Payment.Data.Interfaces.csproj", "{7A1C8C42-4022-4977-AB3D-45D04715C3DF}"
EndProject
Project("{FAE04EC0-301F-11D3-BF4B-00C04F79EFBC}") = "Payment.Data.Services", "Repository\Payment.Data.Services\Payment.Data.Services.csproj", "{7414C0D6-03A3-4E8F-93A4-3C01B91D9300}"
EndProject
Project("{2150E333-8FDC-42A3-9474-1A3956D46DE8}") = "Business", "Business", "{586E9B4B-379F-4B53-8592-EC783AECCF11}"
EndProject
Project("{FAE04EC0-301F-11D3-BF4B-00C04F79EFBC}") = "Payment.Business.Models", "Business\Payment.Business.Models\Payment.Business.Models.csproj", "{D1100FC0-CB7A-4328-90F9-EA6B49B4E0CE}"
EndProject
Project("{FAE04EC0-301F-11D3-BF4B-00C04F79EFBC}") = "Payment.Business.Interfaces", "Business\Payment.Business.Interfaces\Payment.Business.Interfaces.csproj", "{1D6C9B3E-1840-412B-B0E3-A92D5FC38957}"
EndProject
Project("{FAE04EC0-301F-11D3-BF4B-00C04F79EFBC}") = "Payment.Business.Services", "Business\Payment.Business.Services\Payment.Business.Services.csproj", "{B069C0C9-8AB3-4D14-9037-40F1E94E017A}"
EndProject
Global
	GlobalSection(SolutionConfigurationPlatforms) = preSolution
		Debug|Any CPU = Debug|Any CPU
		Release|Any CPU = Release|Any CPU
	EndGlobalSection
	GlobalSection(ProjectConfigurationPlatforms) = postSolution
		{56E82A3F-4A49-412F-89A2-30C529D31FEB}.Debug|Any CPU.ActiveCfg = Debug|Any CPU
		{56E82A3F-4A49-412F-89A2-30C529D31FEB}.Debug|Any CPU.Build.0 = Debug|Any CPU
		{56E82A3F-4A49-412F-89A2-30C529D31FEB}.Release|Any CPU.ActiveCfg = Release|Any CPU
		{56E82A3F-4A49-412F-89A2-30C529D31FEB}.Release|Any CPU.Build.0 = Release|Any CPU
		{0EB3E842-F9F1-4509-85D3-49A412BCF593}.Debug|Any CPU.ActiveCfg = Debug|Any CPU
		{0EB3E842-F9F1-4509-85D3-49A412BCF593}.Debug|Any CPU.Build.0 = Debug|Any CPU
		{0EB3E842-F9F1-4509-85D3-49A412BCF593}.Release|Any CPU.ActiveCfg = Release|Any CPU
		{0EB3E842-F9F1-4509-85D3-49A412BCF593}.Release|Any CPU.Build.0 = Release|Any CPU
		{6D00C095-2E0E-4C42-B392-B21E8964356B}.Debug|Any CPU.ActiveCfg = Debug|Any CPU
		{6D00C095-2E0E-4C42-B392-B21E8964356B}.Debug|Any CPU.Build.0 = Debug|Any CPU
		{6D00C095-2E0E-4C42-B392-B21E8964356B}.Release|Any CPU.ActiveCfg = Release|Any CPU
		{6D00C095-2E0E-4C42-B392-B21E8964356B}.Release|Any CPU.Build.0 = Release|Any CPU
		{7A1C8C42-4022-4977-AB3D-45D04715C3DF}.Debug|Any CPU.ActiveCfg = Debug|Any CPU
		{7A1C8C42-4022-4977-AB3D-45D04715C3DF}.Debug|Any CPU.Build.0 = Debug|Any CPU
		{7A1C8C42-4022-4977-AB3D-45D04715C3DF}.Release|Any CPU.ActiveCfg = Release|Any CPU
		{7A1C8C42-4022-4977-AB3D-45D04715C3DF}.Release|Any CPU.Build.0 = Release|Any CPU
		{7414C0D6-03A3-4E8F-93A4-3C01B91D9300}.Debug|Any CPU.ActiveCfg = Debug|Any CPU
		{7414C0D6-03A3-4E8F-93A4-3C01B91D9300}.Debug|Any CPU.Build.0 = Debug|Any CPU
		{7414C0D6-03A3-4E8F-93A4-3C01B91D9300}.Release|Any CPU.ActiveCfg = Release|Any CPU
		{7414C0D6-03A3-4E8F-93A4-3C01B91D9300}.Release|Any CPU.Build.0 = Release|Any CPU
		{D1100FC0-CB7A-4328-90F9-EA6B49B4E0CE}.Debug|Any CPU.ActiveCfg = Debug|Any CPU
		{D1100FC0-CB7A-4328-90F9-EA6B49B4E0CE}.Debug|Any CPU.Build.0 = Debug|Any CPU
		{D1100FC0-CB7A-4328-90F9-EA6B49B4E0CE}.Release|Any CPU.ActiveCfg = Release|Any CPU
		{D1100FC0-CB7A-4328-90F9-EA6B49B4E0CE}.Release|Any CPU.Build.0 = Release|Any CPU
		{1D6C9B3E-1840-412B-B0E3-A92D5FC38957}.Debug|Any CPU.ActiveCfg = Debug|Any CPU
		{1D6C9B3E-1840-412B-B0E3-A92D5FC38957}.Debug|Any CPU.Build.0 = Debug|Any CPU
		{1D6C9B3E-1840-412B-B0E3-A92D5FC38957}.Release|Any CPU.ActiveCfg = Release|Any CPU
		{1D6C9B3E-1840-412B-B0E3-A92D5FC38957}.Release|Any CPU.Build.0 = Release|Any CPU
		{B069C0C9-8AB3-4D14-9037-40F1E94E017A}.Debug|Any CPU.ActiveCfg = Debug|Any CPU
		{B069C0C9-8AB3-4D14-9037-40F1E94E017A}.Debug|Any CPU.Build.0 = Debug|Any CPU
		{B069C0C9-8AB3-4D14-9037-40F1E94E017A}.Release|Any CPU.ActiveCfg = Release|Any CPU
		{B069C0C9-8AB3-4D14-9037-40F1E94E017A}.Release|Any CPU.Build.0 = Release|Any CPU
	EndGlobalSection
	GlobalSection(SolutionProperties) = preSolution
		HideSolutionNode = FALSE
	EndGlobalSection
	GlobalSection(NestedProjects) = preSolution
		{56E82A3F-4A49-412F-89A2-30C529D31FEB} = {F525A439-3BF7-4D94-9B65-41957C838497}
		{0EB3E842-F9F1-4509-85D3-49A412BCF593} = {F525A439-3BF7-4D94-9B65-41957C838497}
		{6D00C095-2E0E-4C42-B392-B21E8964356B} = {44E0D25C-143F-491A-85CA-E55CD1A421E0}
		{7A1C8C42-4022-4977-AB3D-45D04715C3DF} = {F525A439-3BF7-4D94-9B65-41957C838497}
		{7414C0D6-03A3-4E8F-93A4-3C01B91D9300} = {F525A439-3BF7-4D94-9B65-41957C838497}
		{D1100FC0-CB7A-4328-90F9-EA6B49B4E0CE} = {586E9B4B-379F-4B53-8592-EC783AECCF11}
		{1D6C9B3E-1840-412B-B0E3-A92D5FC38957} = {586E9B4B-379F-4B53-8592-EC783AECCF11}
		{B069C0C9-8AB3-4D14-9037-40F1E94E017A} = {586E9B4B-379F-4B53-8592-EC783AECCF11}
	EndGlobalSection
	GlobalSection(ExtensibilityGlobals) = postSolution
		SolutionGuid = {E4671CC2-3CA5-417F-870E-E7316BA531FD}
	EndGlobalSection
EndGlobal
