
Microsoft Visual Studio Solution File, Format Version 12.00
# Visual Studio Version 17
VisualStudioVersion = 17.4.33213.308
MinimumVisualStudioVersion = 10.0.40219.1
Project("{FAE04EC0-301F-11D3-BF4B-00C04F79EFBC}") = "Delegates", "Delegates\Delegates.csproj", "{A11FE82E-8B69-4A06-9AE5-75F2CC072D46}"
EndProject
Global
	GlobalSection(SolutionConfigurationPlatforms) = preSolution
		Debug|Any CPU = Debug|Any CPU
		Release|Any CPU = Release|Any CPU
	EndGlobalSection
	GlobalSection(ProjectConfigurationPlatforms) = postSolution
		{A11FE82E-8B69-4A06-9AE5-75F2CC072D46}.Debug|Any CPU.ActiveCfg = Debug|Any CPU
		{A11FE82E-8B69-4A06-9AE5-75F2CC072D46}.Debug|Any CPU.Build.0 = Debug|Any CPU
		{A11FE82E-8B69-4A06-9AE5-75F2CC072D46}.Release|Any CPU.ActiveCfg = Release|Any CPU
		{A11FE82E-8B69-4A06-9AE5-75F2CC072D46}.Release|Any CPU.Build.0 = Release|Any CPU
	EndGlobalSection
	GlobalSection(SolutionProperties) = preSolution
		HideSolutionNode = FALSE
	EndGlobalSection
	GlobalSection(ExtensibilityGlobals) = postSolution
		SolutionGuid = {C74F29F3-8F1E-4905-B77B-84E61566D7DA}
	EndGlobalSection
EndGlobal
