
Microsoft Visual Studio Solution File, Format Version 12.00
# Visual Studio Version 17
VisualStudioVersion = 17.7.34009.444
MinimumVisualStudioVersion = 10.0.40219.1
Project("{FAE04EC0-301F-11D3-BF4B-00C04F79EFBC}") = "Struct", "Struct\Struct.csproj", "{D393059B-2C78-47AC-9658-2457D70E23DF}"
EndProject
Global
	GlobalSection(SolutionConfigurationPlatforms) = preSolution
		Debug|Any CPU = Debug|Any CPU
		Release|Any CPU = Release|Any CPU
	EndGlobalSection
	GlobalSection(ProjectConfigurationPlatforms) = postSolution
		{D393059B-2C78-47AC-9658-2457D70E23DF}.Debug|Any CPU.ActiveCfg = Debug|Any CPU
		{D393059B-2C78-47AC-9658-2457D70E23DF}.Debug|Any CPU.Build.0 = Debug|Any CPU
		{D393059B-2C78-47AC-9658-2457D70E23DF}.Release|Any CPU.ActiveCfg = Release|Any CPU
		{D393059B-2C78-47AC-9658-2457D70E23DF}.Release|Any CPU.Build.0 = Release|Any CPU
	EndGlobalSection
	GlobalSection(SolutionProperties) = preSolution
		HideSolutionNode = FALSE
	EndGlobalSection
	GlobalSection(ExtensibilityGlobals) = postSolution
		SolutionGuid = {D9DCCDF3-5571-4B48-8D87-D9AB21C463F2}
	EndGlobalSection
EndGlobal
